
Microsoft Visual Studio Solution File, Format Version 12.00
# Visual Studio 15
VisualStudioVersion = 15.0.28307.271
MinimumVisualStudioVersion = 10.0.40219.1
Project("{FAE04EC0-301F-11D3-BF4B-00C04F79EFBC}") = "Senai.Revisao.Api", "Senai.Revisao.Api\Senai.Revisao.Api.csproj", "{6CEF733F-666B-4956-8920-6288B3048328}"
EndProject
Global
	GlobalSection(SolutionConfigurationPlatforms) = preSolution
		Debug|Any CPU = Debug|Any CPU
		Release|Any CPU = Release|Any CPU
	EndGlobalSection
	GlobalSection(ProjectConfigurationPlatforms) = postSolution
		{6CEF733F-666B-4956-8920-6288B3048328}.Debug|Any CPU.ActiveCfg = Debug|Any CPU
		{6CEF733F-666B-4956-8920-6288B3048328}.Debug|Any CPU.Build.0 = Debug|Any CPU
		{6CEF733F-666B-4956-8920-6288B3048328}.Release|Any CPU.ActiveCfg = Release|Any CPU
		{6CEF733F-666B-4956-8920-6288B3048328}.Release|Any CPU.Build.0 = Release|Any CPU
	EndGlobalSection
	GlobalSection(SolutionProperties) = preSolution
		HideSolutionNode = FALSE
	EndGlobalSection
	GlobalSection(ExtensibilityGlobals) = postSolution
		SolutionGuid = {95C33210-959D-4729-8E33-D69F1D98550A}
	EndGlobalSection
EndGlobal
